# generated by rye
# use `rye lock` or `rye sync` to update this lockfile
#
# last locked with the following flags:
#   pre: false
#   features: []
#   all-features: false
#   with-sources: false

-e file:.
cffi==1.17.1
    # via pymunk
pycparser==2.22
    # via cffi
pygame==2.6.1
    # via decopon
pymunk==6.11.1
    # via decopon
